
Microsoft Visual Studio Solution File, Format Version 12.00
# Visual Studio Version 16
VisualStudioVersion = 16.0.30011.22
MinimumVisualStudioVersion = 10.0.40219.1
Project("{FAE04EC0-301F-11D3-BF4B-00C04F79EFBC}") = "Shop_Demo", "Shop_Demo\Shop_Demo.csproj", "{787480EF-1852-40E5-8728-A75E31A93CC9}"
EndProject
Global
	GlobalSection(SolutionConfigurationPlatforms) = preSolution
		Debug|Any CPU = Debug|Any CPU
		Release|Any CPU = Release|Any CPU
	EndGlobalSection
	GlobalSection(ProjectConfigurationPlatforms) = postSolution
		{787480EF-1852-40E5-8728-A75E31A93CC9}.Debug|Any CPU.ActiveCfg = Debug|Any CPU
		{787480EF-1852-40E5-8728-A75E31A93CC9}.Debug|Any CPU.Build.0 = Debug|Any CPU
		{787480EF-1852-40E5-8728-A75E31A93CC9}.Release|Any CPU.ActiveCfg = Release|Any CPU
		{787480EF-1852-40E5-8728-A75E31A93CC9}.Release|Any CPU.Build.0 = Release|Any CPU
	EndGlobalSection
	GlobalSection(SolutionProperties) = preSolution
		HideSolutionNode = FALSE
	EndGlobalSection
	GlobalSection(ExtensibilityGlobals) = postSolution
		SolutionGuid = {C28219C3-53BC-4D3E-93AE-55AB645BDC48}
	EndGlobalSection
EndGlobal
